
Microsoft Visual Studio Solution File, Format Version 12.00
# Visual Studio 14
VisualStudioVersion = 14.0.23107.0
MinimumVisualStudioVersion = 10.0.40219.1
Project("{8BC9CEB8-8B4A-11D0-8D11-00A0C91BC942}") = "guardian", "guardian\guardian.vcxproj", "{D35F732D-55D7-4037-9C6D-E141F740F802}"
EndProject
Project("{8BC9CEB8-8B4A-11D0-8D11-00A0C91BC942}") = "GroestlCoinArmory_SwigDLL", "GroestlCoinArmory_SwigDLL.vcxproj", "{19329A6B-FE96-4917-B69A-2B0375C12017}"
	ProjectSection(ProjectDependencies) = postProject
		{1298C61E-439E-48C4-9710-FD145353CEDA} = {1298C61E-439E-48C4-9710-FD145353CEDA}
	EndProjectSection
EndProject
Project("{8BC9CEB8-8B4A-11D0-8D11-00A0C91BC942}") = "crypto++", "..\foreign\crypto++\crypto++.vcxproj", "{1298C61E-439E-48C4-9710-FD145353CEDA}"
EndProject
Project("{888888A0-9F3D-457C-B088-3A5042F75D52}") = "GroestlCoin-Armory", "..\GroestlCoin-Armory.pyproj", "{D49C66CB-3DDA-48D1-BF56-24B4A550D500}"
EndProject
Global
	GlobalSection(SolutionConfigurationPlatforms) = preSolution
		D_St|Any CPU = D_St|Any CPU
		D_St|x64 = D_St|x64
		D_St|x86 = D_St|x86
		R_St|Any CPU = R_St|Any CPU
		R_St|x64 = R_St|x64
		R_St|x86 = R_St|x86
	EndGlobalSection
	GlobalSection(ProjectConfigurationPlatforms) = postSolution
		{D35F732D-55D7-4037-9C6D-E141F740F802}.D_St|Any CPU.ActiveCfg = D_St|Win32
		{D35F732D-55D7-4037-9C6D-E141F740F802}.D_St|x64.ActiveCfg = D_St|x64
		{D35F732D-55D7-4037-9C6D-E141F740F802}.D_St|x86.ActiveCfg = D_St|Win32
		{D35F732D-55D7-4037-9C6D-E141F740F802}.R_St|Any CPU.ActiveCfg = R_St|x64
		{D35F732D-55D7-4037-9C6D-E141F740F802}.R_St|x64.ActiveCfg = R_St|Win32
		{D35F732D-55D7-4037-9C6D-E141F740F802}.R_St|x86.ActiveCfg = R_St|Win32
		{D35F732D-55D7-4037-9C6D-E141F740F802}.R_St|x86.Build.0 = R_St|Win32
		{19329A6B-FE96-4917-B69A-2B0375C12017}.D_St|Any CPU.ActiveCfg = D_St|Win32
		{19329A6B-FE96-4917-B69A-2B0375C12017}.D_St|x64.ActiveCfg = D_St|x64
		{19329A6B-FE96-4917-B69A-2B0375C12017}.D_St|x86.ActiveCfg = D_St|Win32
		{19329A6B-FE96-4917-B69A-2B0375C12017}.R_St|Any CPU.ActiveCfg = R_St|Win32
		{19329A6B-FE96-4917-B69A-2B0375C12017}.R_St|x64.ActiveCfg = R_St|x64
		{19329A6B-FE96-4917-B69A-2B0375C12017}.R_St|x86.ActiveCfg = R_St|Win32
		{19329A6B-FE96-4917-B69A-2B0375C12017}.R_St|x86.Build.0 = R_St|Win32
		{1298C61E-439E-48C4-9710-FD145353CEDA}.D_St|Any CPU.ActiveCfg = D_St|Win32
		{1298C61E-439E-48C4-9710-FD145353CEDA}.D_St|x64.ActiveCfg = D_St|x64
		{1298C61E-439E-48C4-9710-FD145353CEDA}.D_St|x86.ActiveCfg = D_St|Win32
		{1298C61E-439E-48C4-9710-FD145353CEDA}.R_St|Any CPU.ActiveCfg = R_St|Win32
		{1298C61E-439E-48C4-9710-FD145353CEDA}.R_St|x64.ActiveCfg = R_St|x64
		{1298C61E-439E-48C4-9710-FD145353CEDA}.R_St|x86.ActiveCfg = R_St|Win32
		{1298C61E-439E-48C4-9710-FD145353CEDA}.R_St|x86.Build.0 = R_St|Win32
		{D49C66CB-3DDA-48D1-BF56-24B4A550D500}.D_St|Any CPU.ActiveCfg = R_St|Any CPU
		{D49C66CB-3DDA-48D1-BF56-24B4A550D500}.D_St|x64.ActiveCfg = R_St|Any CPU
		{D49C66CB-3DDA-48D1-BF56-24B4A550D500}.D_St|x64.Build.0 = R_St|Any CPU
		{D49C66CB-3DDA-48D1-BF56-24B4A550D500}.D_St|x86.ActiveCfg = R_St|Any CPU
		{D49C66CB-3DDA-48D1-BF56-24B4A550D500}.R_St|Any CPU.ActiveCfg = R_St|Any CPU
		{D49C66CB-3DDA-48D1-BF56-24B4A550D500}.R_St|x64.ActiveCfg = R_St|Any CPU
		{D49C66CB-3DDA-48D1-BF56-24B4A550D500}.R_St|x86.ActiveCfg = R_St|Any CPU
	EndGlobalSection
	GlobalSection(SolutionProperties) = preSolution
		HideSolutionNode = FALSE
	EndGlobalSection
EndGlobal
